# THIS IS AN AUTOGENERATED FILE. DO NOT EDIT THIS FILE DIRECTLY.
# yarn lockfile v1


fetch-sync@^2.0.0:
  version "2.0.0"
  resolved "https://registry.yarnpkg.com/fetch-sync/-/fetch-sync-2.0.0.tgz#5a8d4f707db0714914d63966585b80f06be563d9"
  dependencies:
    idb-wrapper "^1.6.2"
    mini-defer "0.0.2"
    msgr "^2.0.0"
    serialise-request "0.0.7"
    serialise-response "0.0.4"
    shortid "^2.2.6"
    sw-register "^0.4.0"

idb-wrapper@^1.6.2:
  version "1.7.2"
  resolved "https://registry.yarnpkg.com/idb-wrapper/-/idb-wrapper-1.7.2.tgz#8251afd5e77fe95568b1c16152eb44b396767ea2"

mini-defer@0.0.2:
  version "0.0.2"
  resolved "https://registry.yarnpkg.com/mini-defer/-/mini-defer-0.0.2.tgz#e46e0848b8bd3377e5939cd9c9c62f8a1a5e62cf"

mini-defer@0.0.5:
  version "0.0.5"
  resolved "https://registry.yarnpkg.com/mini-defer/-/mini-defer-0.0.5.tgz#cef21ef250a6b99c0e693a91e8652dacaf5f3426"

msgr@^2.0.0:
  version "2.0.0"
  resolved "https://registry.yarnpkg.com/msgr/-/msgr-2.0.0.tgz#8c4288c00a75de43f5d55798a7913b9d21dbf236"
  dependencies:
    mini-defer "0.0.5"
    shortid "^2.2.6"

node-fetch@^2.0.0:
  version "2.0.0"
  resolved "https://registry.yarnpkg.com/node-fetch/-/node-fetch-2.0.0.tgz#982bba43ecd4f2922a29cc186a6bbb0bb73fcba6"

serialise-request@0.0.7:
  version "0.0.7"
  resolved "https://registry.yarnpkg.com/serialise-request/-/serialise-request-0.0.7.tgz#a07d4b6cfb0cbd04d1ba144a479e85346ec263c1"

serialise-response@0.0.4:
  version "0.0.4"
  resolved "https://registry.yarnpkg.com/serialise-response/-/serialise-response-0.0.4.tgz#b060e2c85574108f37627b42d3719d81704e7a88"

shortid@^2.2.6:
  version "2.2.8"
  resolved "https://registry.yarnpkg.com/shortid/-/shortid-2.2.8.tgz#033b117d6a2e975804f6f0969dbe7d3d0b355131"

sw-register@^0.4.0:
  version "0.4.1"
  resolved "https://registry.yarnpkg.com/sw-register/-/sw-register-0.4.1.tgz#6cb8009bca1f320f040b3f9cabe149d17d8feac4"
